lockfileVersion: '9.0'

settings:
  autoInstallPeers: true
  excludeLinksFromLockfile: false

importers:

  .:
    dependencies:
      marked:
        specifier: ^17.0.1
        version: 17.0.1
      marked-gfm-heading-id:
        specifier: ^4.1.3
        version: 4.1.3(marked@17.0.1)

packages:

  github-slugger@2.0.0:
    resolution: {integrity: sha512-IaOQ9puYtjrkq7Y0Ygl9KDZnrf/aiUJYUpVf89y8kyaxbRG7Y1SrX/jaumrv81vc61+kiMempujsM3Yw7w5qcw==}

  marked-gfm-heading-id@4.1.3:
    resolution: {integrity: sha512-aR0i63LmFbuxU/gAgrgz1Ir+8HK6zAIFXMlckeKHpV+qKbYaOP95L4Ux5Gi+sKmCZU5qnN2rdKpvpb7PnUBIWg==}
    peerDependencies:
      marked: '>=13 <18'

  marked@17.0.1:
    resolution: {integrity: sha512-boeBdiS0ghpWcSwoNm/jJBwdpFaMnZWRzjA6SkUMYb40SVaN1x7mmfGKp0jvexGcx+7y2La5zRZsYFZI6Qpypg==}
    engines: {node: '>= 20'}
    hasBin: true

snapshots:

  github-slugger@2.0.0: {}

  marked-gfm-heading-id@4.1.3(marked@17.0.1):
    dependencies:
      github-slugger: 2.0.0
      marked: 17.0.1

  marked@17.0.1: {}
